
Microsoft Visual Studio Solution File, Format Version 12.00
# Visual Studio Version 17
VisualStudioVersion = 17.5.002.0
MinimumVisualStudioVersion = 10.0.40219.1
Project("{9A19103F-16F7-4668-BE54-9A1E7A4F7556}") = "lhpet", "lhpet.csproj", "{08A79182-EBC5-4631-B0D4-636660B58121}"
EndProject
Global
	GlobalSection(SolutionConfigurationPlatforms) = preSolution
		Debug|Any CPU = Debug|Any CPU
		Release|Any CPU = Release|Any CPU
	EndGlobalSection
	GlobalSection(ProjectConfigurationPlatforms) = postSolution
		{08A79182-EBC5-4631-B0D4-636660B58121}.Debug|Any CPU.ActiveCfg = Debug|Any CPU
		{08A79182-EBC5-4631-B0D4-636660B58121}.Debug|Any CPU.Build.0 = Debug|Any CPU
		{08A79182-EBC5-4631-B0D4-636660B58121}.Release|Any CPU.ActiveCfg = Release|Any CPU
		{08A79182-EBC5-4631-B0D4-636660B58121}.Release|Any CPU.Build.0 = Release|Any CPU
	EndGlobalSection
	GlobalSection(SolutionProperties) = preSolution
		HideSolutionNode = FALSE
	EndGlobalSection
	GlobalSection(ExtensibilityGlobals) = postSolution
		SolutionGuid = {42B71403-DE29-4E54-A313-53F831BEBB5B}
	EndGlobalSection
EndGlobal
